
Microsoft Visual Studio Solution File, Format Version 12.00
# Visual Studio Version 16
VisualStudioVersion = 16.0.32630.194
MinimumVisualStudioVersion = 10.0.40219.1
Project("{FAE04EC0-301F-11D3-BF4B-00C04F79EFBC}") = "Interface_area", "Interface_area\Interface_area.csproj", "{ED684263-C9EC-4991-B7A1-A56967E7582D}"
EndProject
Global
	GlobalSection(SolutionConfigurationPlatforms) = preSolution
		Debug|Any CPU = Debug|Any CPU
		Release|Any CPU = Release|Any CPU
	EndGlobalSection
	GlobalSection(ProjectConfigurationPlatforms) = postSolution
		{ED684263-C9EC-4991-B7A1-A56967E7582D}.Debug|Any CPU.ActiveCfg = Debug|Any CPU
		{ED684263-C9EC-4991-B7A1-A56967E7582D}.Debug|Any CPU.Build.0 = Debug|Any CPU
		{ED684263-C9EC-4991-B7A1-A56967E7582D}.Release|Any CPU.ActiveCfg = Release|Any CPU
		{ED684263-C9EC-4991-B7A1-A56967E7582D}.Release|Any CPU.Build.0 = Release|Any CPU
	EndGlobalSection
	GlobalSection(SolutionProperties) = preSolution
		HideSolutionNode = FALSE
	EndGlobalSection
	GlobalSection(ExtensibilityGlobals) = postSolution
		SolutionGuid = {6F1A1C89-DB35-4BC8-AD85-9F34263F9022}
	EndGlobalSection
EndGlobal
