
Microsoft Visual Studio Solution File, Format Version 12.00
# Visual Studio Version 16
VisualStudioVersion = 16.0.32630.194
MinimumVisualStudioVersion = 10.0.40219.1
Project("{FAE04EC0-301F-11D3-BF4B-00C04F79EFBC}") = "P14", "P14\P14.csproj", "{C0CDFEA5-81B1-46C1-8863-527B55B053D8}"
EndProject
Global
	GlobalSection(SolutionConfigurationPlatforms) = preSolution
		Debug|Any CPU = Debug|Any CPU
		Release|Any CPU = Release|Any CPU
	EndGlobalSection
	GlobalSection(ProjectConfigurationPlatforms) = postSolution
		{C0CDFEA5-81B1-46C1-8863-527B55B053D8}.Debug|Any CPU.ActiveCfg = Debug|Any CPU
		{C0CDFEA5-81B1-46C1-8863-527B55B053D8}.Debug|Any CPU.Build.0 = Debug|Any CPU
		{C0CDFEA5-81B1-46C1-8863-527B55B053D8}.Release|Any CPU.ActiveCfg = Release|Any CPU
		{C0CDFEA5-81B1-46C1-8863-527B55B053D8}.Release|Any CPU.Build.0 = Release|Any CPU
	EndGlobalSection
	GlobalSection(SolutionProperties) = preSolution
		HideSolutionNode = FALSE
	EndGlobalSection
	GlobalSection(ExtensibilityGlobals) = postSolution
		SolutionGuid = {42DDE94F-9D95-4F82-8D1E-8637EAE8F2A8}
	EndGlobalSection
EndGlobal
