
Microsoft Visual Studio Solution File, Format Version 12.00
# Visual Studio Version 16
VisualStudioVersion = 16.0.32630.194
MinimumVisualStudioVersion = 10.0.40219.1
Project("{FAE04EC0-301F-11D3-BF4B-00C04F79EFBC}") = "ComboBox", "ComboBox\ComboBox.csproj", "{8FCB2815-1190-4B30-8DC5-775A3FB9EBA0}"
EndProject
Global
	GlobalSection(SolutionConfigurationPlatforms) = preSolution
		Debug|Any CPU = Debug|Any CPU
		Release|Any CPU = Release|Any CPU
	EndGlobalSection
	GlobalSection(ProjectConfigurationPlatforms) = postSolution
		{8FCB2815-1190-4B30-8DC5-775A3FB9EBA0}.Debug|Any CPU.ActiveCfg = Debug|Any CPU
		{8FCB2815-1190-4B30-8DC5-775A3FB9EBA0}.Debug|Any CPU.Build.0 = Debug|Any CPU
		{8FCB2815-1190-4B30-8DC5-775A3FB9EBA0}.Release|Any CPU.ActiveCfg = Release|Any CPU
		{8FCB2815-1190-4B30-8DC5-775A3FB9EBA0}.Release|Any CPU.Build.0 = Release|Any CPU
	EndGlobalSection
	GlobalSection(SolutionProperties) = preSolution
		HideSolutionNode = FALSE
	EndGlobalSection
	GlobalSection(ExtensibilityGlobals) = postSolution
		SolutionGuid = {1E107134-38ED-48E3-A8A4-0807AA39374D}
	EndGlobalSection
EndGlobal
