
Microsoft Visual Studio Solution File, Format Version 12.00
# Visual Studio Version 16
VisualStudioVersion = 16.0.32630.194
MinimumVisualStudioVersion = 10.0.40219.1
Project("{FAE04EC0-301F-11D3-BF4B-00C04F79EFBC}") = "P14_2", "P14_2\P14_2.csproj", "{F72DDB60-7B0E-40CE-AB0A-90F3E23D4F00}"
EndProject
Global
	GlobalSection(SolutionConfigurationPlatforms) = preSolution
		Debug|Any CPU = Debug|Any CPU
		Release|Any CPU = Release|Any CPU
	EndGlobalSection
	GlobalSection(ProjectConfigurationPlatforms) = postSolution
		{F72DDB60-7B0E-40CE-AB0A-90F3E23D4F00}.Debug|Any CPU.ActiveCfg = Debug|Any CPU
		{F72DDB60-7B0E-40CE-AB0A-90F3E23D4F00}.Debug|Any CPU.Build.0 = Debug|Any CPU
		{F72DDB60-7B0E-40CE-AB0A-90F3E23D4F00}.Release|Any CPU.ActiveCfg = Release|Any CPU
		{F72DDB60-7B0E-40CE-AB0A-90F3E23D4F00}.Release|Any CPU.Build.0 = Release|Any CPU
	EndGlobalSection
	GlobalSection(SolutionProperties) = preSolution
		HideSolutionNode = FALSE
	EndGlobalSection
	GlobalSection(ExtensibilityGlobals) = postSolution
		SolutionGuid = {3E362DEC-2096-45CC-BCDC-1C889B5EEA16}
	EndGlobalSection
EndGlobal
