
Microsoft Visual Studio Solution File, Format Version 12.00
# Visual Studio Version 16
VisualStudioVersion = 16.0.32630.194
MinimumVisualStudioVersion = 10.0.40219.1
Project("{FAE04EC0-301F-11D3-BF4B-00C04F79EFBC}") = "Prime", "Prime\Prime.csproj", "{8A12A924-88BE-428F-8FE5-90FBE535329E}"
EndProject
Global
	GlobalSection(SolutionConfigurationPlatforms) = preSolution
		Debug|Any CPU = Debug|Any CPU
		Release|Any CPU = Release|Any CPU
	EndGlobalSection
	GlobalSection(ProjectConfigurationPlatforms) = postSolution
		{8A12A924-88BE-428F-8FE5-90FBE535329E}.Debug|Any CPU.ActiveCfg = Debug|Any CPU
		{8A12A924-88BE-428F-8FE5-90FBE535329E}.Debug|Any CPU.Build.0 = Debug|Any CPU
		{8A12A924-88BE-428F-8FE5-90FBE535329E}.Release|Any CPU.ActiveCfg = Release|Any CPU
		{8A12A924-88BE-428F-8FE5-90FBE535329E}.Release|Any CPU.Build.0 = Release|Any CPU
	EndGlobalSection
	GlobalSection(SolutionProperties) = preSolution
		HideSolutionNode = FALSE
	EndGlobalSection
	GlobalSection(ExtensibilityGlobals) = postSolution
		SolutionGuid = {3971EC6B-1544-463F-B0A2-A131D0295B2C}
	EndGlobalSection
EndGlobal
