
Microsoft Visual Studio Solution File, Format Version 12.00
# Visual Studio Version 16
VisualStudioVersion = 16.0.32630.194
MinimumVisualStudioVersion = 10.0.40219.1
Project("{FAE04EC0-301F-11D3-BF4B-00C04F79EFBC}") = "three_colors", "three_colors\three_colors.csproj", "{083D6B3E-0676-4299-B2CD-3E2F9FFFE72F}"
EndProject
Global
	GlobalSection(SolutionConfigurationPlatforms) = preSolution
		Debug|Any CPU = Debug|Any CPU
		Release|Any CPU = Release|Any CPU
	EndGlobalSection
	GlobalSection(ProjectConfigurationPlatforms) = postSolution
		{083D6B3E-0676-4299-B2CD-3E2F9FFFE72F}.Debug|Any CPU.ActiveCfg = Debug|Any CPU
		{083D6B3E-0676-4299-B2CD-3E2F9FFFE72F}.Debug|Any CPU.Build.0 = Debug|Any CPU
		{083D6B3E-0676-4299-B2CD-3E2F9FFFE72F}.Release|Any CPU.ActiveCfg = Release|Any CPU
		{083D6B3E-0676-4299-B2CD-3E2F9FFFE72F}.Release|Any CPU.Build.0 = Release|Any CPU
	EndGlobalSection
	GlobalSection(SolutionProperties) = preSolution
		HideSolutionNode = FALSE
	EndGlobalSection
	GlobalSection(ExtensibilityGlobals) = postSolution
		SolutionGuid = {4A5A1772-DC1F-4267-8E9A-CBB9736A44A8}
	EndGlobalSection
EndGlobal
