
Microsoft Visual Studio Solution File, Format Version 12.00
# Visual Studio Version 16
VisualStudioVersion = 16.0.32630.194
MinimumVisualStudioVersion = 10.0.40219.1
Project("{FAE04EC0-301F-11D3-BF4B-00C04F79EFBC}") = "two_ellipse", "two_ellipse\two_ellipse.csproj", "{07F6EEC9-905C-4CDC-BEC3-60209B917B13}"
EndProject
Global
	GlobalSection(SolutionConfigurationPlatforms) = preSolution
		Debug|Any CPU = Debug|Any CPU
		Release|Any CPU = Release|Any CPU
	EndGlobalSection
	GlobalSection(ProjectConfigurationPlatforms) = postSolution
		{07F6EEC9-905C-4CDC-BEC3-60209B917B13}.Debug|Any CPU.ActiveCfg = Debug|Any CPU
		{07F6EEC9-905C-4CDC-BEC3-60209B917B13}.Debug|Any CPU.Build.0 = Debug|Any CPU
		{07F6EEC9-905C-4CDC-BEC3-60209B917B13}.Release|Any CPU.ActiveCfg = Release|Any CPU
		{07F6EEC9-905C-4CDC-BEC3-60209B917B13}.Release|Any CPU.Build.0 = Release|Any CPU
	EndGlobalSection
	GlobalSection(SolutionProperties) = preSolution
		HideSolutionNode = FALSE
	EndGlobalSection
	GlobalSection(ExtensibilityGlobals) = postSolution
		SolutionGuid = {589FE6F9-2FC9-4881-ADC2-4CB8A58D26E5}
	EndGlobalSection
EndGlobal
