
Microsoft Visual Studio Solution File, Format Version 12.00
# Visual Studio Version 16
VisualStudioVersion = 16.0.32630.194
MinimumVisualStudioVersion = 10.0.40219.1
Project("{FAE04EC0-301F-11D3-BF4B-00C04F79EFBC}") = "Area", "Area\Area.csproj", "{C48D27D8-4389-4648-85A7-DCC59DD3F85C}"
EndProject
Project("{FAE04EC0-301F-11D3-BF4B-00C04F79EFBC}") = "Information", "..\Information\Information.csproj", "{2B9CD6AD-48AA-4AC4-A96E-6888EAEE4355}"
EndProject
Project("{FAE04EC0-301F-11D3-BF4B-00C04F79EFBC}") = "Apartment", "..\Apartment\Apartment.csproj", "{6E3E052E-BE19-4DC7-865A-4D21DEC4CFF1}"
EndProject
Global
	GlobalSection(SolutionConfigurationPlatforms) = preSolution
		Debug|Any CPU = Debug|Any CPU
		Release|Any CPU = Release|Any CPU
	EndGlobalSection
	GlobalSection(ProjectConfigurationPlatforms) = postSolution
		{C48D27D8-4389-4648-85A7-DCC59DD3F85C}.Debug|Any CPU.ActiveCfg = Debug|Any CPU
		{C48D27D8-4389-4648-85A7-DCC59DD3F85C}.Debug|Any CPU.Build.0 = Debug|Any CPU
		{C48D27D8-4389-4648-85A7-DCC59DD3F85C}.Release|Any CPU.ActiveCfg = Release|Any CPU
		{C48D27D8-4389-4648-85A7-DCC59DD3F85C}.Release|Any CPU.Build.0 = Release|Any CPU
		{2B9CD6AD-48AA-4AC4-A96E-6888EAEE4355}.Debug|Any CPU.ActiveCfg = Debug|Any CPU
		{2B9CD6AD-48AA-4AC4-A96E-6888EAEE4355}.Debug|Any CPU.Build.0 = Debug|Any CPU
		{2B9CD6AD-48AA-4AC4-A96E-6888EAEE4355}.Release|Any CPU.ActiveCfg = Release|Any CPU
		{2B9CD6AD-48AA-4AC4-A96E-6888EAEE4355}.Release|Any CPU.Build.0 = Release|Any CPU
		{6E3E052E-BE19-4DC7-865A-4D21DEC4CFF1}.Debug|Any CPU.ActiveCfg = Debug|Any CPU
		{6E3E052E-BE19-4DC7-865A-4D21DEC4CFF1}.Debug|Any CPU.Build.0 = Debug|Any CPU
		{6E3E052E-BE19-4DC7-865A-4D21DEC4CFF1}.Release|Any CPU.ActiveCfg = Release|Any CPU
		{6E3E052E-BE19-4DC7-865A-4D21DEC4CFF1}.Release|Any CPU.Build.0 = Release|Any CPU
	EndGlobalSection
	GlobalSection(SolutionProperties) = preSolution
		HideSolutionNode = FALSE
	EndGlobalSection
	GlobalSection(ExtensibilityGlobals) = postSolution
		SolutionGuid = {9A173197-894F-4984-AABD-6D042017B50D}
	EndGlobalSection
EndGlobal
