
Microsoft Visual Studio Solution File, Format Version 12.00
# Visual Studio Version 16
VisualStudioVersion = 16.0.32630.194
MinimumVisualStudioVersion = 10.0.40219.1
Project("{FAE04EC0-301F-11D3-BF4B-00C04F79EFBC}") = "ConsoleApp1", "ConsoleApp1\ConsoleApp1.csproj", "{12B792B4-2FAE-4650-AD38-F4E40CCEDE70}"
EndProject
Project("{FAE04EC0-301F-11D3-BF4B-00C04F79EFBC}") = "ConsoleApp2", "..\ConsoleApp2\ConsoleApp2.csproj", "{122A7104-317D-48B0-9FA3-E25FBA46B1F2}"
EndProject
Global
	GlobalSection(SolutionConfigurationPlatforms) = preSolution
		Debug|Any CPU = Debug|Any CPU
		Release|Any CPU = Release|Any CPU
	EndGlobalSection
	GlobalSection(ProjectConfigurationPlatforms) = postSolution
		{12B792B4-2FAE-4650-AD38-F4E40CCEDE70}.Debug|Any CPU.ActiveCfg = Debug|Any CPU
		{12B792B4-2FAE-4650-AD38-F4E40CCEDE70}.Debug|Any CPU.Build.0 = Debug|Any CPU
		{12B792B4-2FAE-4650-AD38-F4E40CCEDE70}.Release|Any CPU.ActiveCfg = Release|Any CPU
		{12B792B4-2FAE-4650-AD38-F4E40CCEDE70}.Release|Any CPU.Build.0 = Release|Any CPU
		{122A7104-317D-48B0-9FA3-E25FBA46B1F2}.Debug|Any CPU.ActiveCfg = Debug|Any CPU
		{122A7104-317D-48B0-9FA3-E25FBA46B1F2}.Debug|Any CPU.Build.0 = Debug|Any CPU
		{122A7104-317D-48B0-9FA3-E25FBA46B1F2}.Release|Any CPU.ActiveCfg = Release|Any CPU
		{122A7104-317D-48B0-9FA3-E25FBA46B1F2}.Release|Any CPU.Build.0 = Release|Any CPU
	EndGlobalSection
	GlobalSection(SolutionProperties) = preSolution
		HideSolutionNode = FALSE
	EndGlobalSection
	GlobalSection(ExtensibilityGlobals) = postSolution
		SolutionGuid = {DCCDEA62-4506-4C79-9D85-BBFF2AE58489}
	EndGlobalSection
EndGlobal
